# THIS IS AN AUTOGENERATED FILE. DO NOT EDIT THIS FILE DIRECTLY.
# yarn lockfile v1


es6-promise@^4.2.8:
  version "4.2.8"
  resolved "https://registry.yarnpkg.com/es6-promise/-/es6-promise-4.2.8.tgz#4eb21594c972bc40553d276e510539143db53e0a"
  integrity sha512-HJDGx5daxeIvxdBxvG2cb9g4tEvwIk3i8+nhX0yGrYmZUzbkdg8QbDevheDB8gd0//uPj4c1EQua8Q+MViT0/w==

fetch-retry@^3.1.0:
  version "3.1.0"
  resolved "https://registry.yarnpkg.com/fetch-retry/-/fetch-retry-3.1.0.tgz#53a25652adf56def526f9b6f6d749a5bebffd319"
  integrity sha512-pHCYCq7g854KkebphR3tKb4M7TJK91ZI0K2BU82cWv+vNkFQn0PZZFrQd/mL+Ra/mj2HLZNvzkTRjPEq2Dh/Bg==
  dependencies:
    es6-promise "^4.2.8"

node-fetch@^2.6.0:
  version "2.6.0"
  resolved "https://registry.yarnpkg.com/node-fetch/-/node-fetch-2.6.0.tgz#e633456386d4aa55863f676a7ab0daa8fdecb0fd"
  integrity sha512-8dG4H5ujfvFiqDmVu9fQ5bOHUC15JMjMY/Zumv26oOvvVJjM67KF8koCWIabKQ1GJIa9r2mMZscBq/TbdOcmNA==
